// !$*UTF8*$!
{
	archiveVersion = 1;
	classes = {
	};
	objectVersion = 46;
	objects = {

/* Begin PBXBuildFile section */
		6197A0061B72AEF2001FD274 /* AppDelegate.swift in Sources */ = {isa = PBXBuildFile; fileRef = 6197A0051B72AEF2001FD274 /* AppDelegate.swift */; };
		6197A0081B72AEF2001FD274 /* Images.xcassets in Resources */ = {isa = PBXBuildFile; fileRef = 6197A0071B72AEF2001FD274 /* Images.xcassets */; };
		6197A00B1B72AEF2001FD274 /* MainMenu.xib in Resources */ = {isa = PBXBuildFile; fileRef = 6197A0091B72AEF2001FD274 /* MainMenu.xib */; };
		6197A0171B72AEF2001FD274 /* Text_Clipboard_HelperTests.swift in Sources */ = {isa = PBXBuildFile; fileRef = 6197A0161B72AEF2001FD274 /* Text_Clipboard_HelperTests.swift */; };
/* End PBXBuildFile section */

/* Begin PBXContainerItemProxy section */
		6197A0111B72AEF2001FD274 /* PBXContainerItemProxy */ = {
			isa = PBXContainerItemProxy;
			containerPortal = 61979FF81B72AEF2001FD274 /* Project object */;
			proxyType = 1;
			remoteGlobalIDString = 61979FFF1B72AEF2001FD274;
			remoteInfo = "Text Clipboard Helper";
		};
/* End PBXContainerItemProxy section */

/* Begin PBXFileReference section */
		6197A0001B72AEF2001FD274 /* Text Clipboard Helper.app */ = {isa = PBXFileReference; explicitFileType = wrapper.application; includeInIndex = 0; path = "Text Clipboard Helper.app"; sourceTree = BUILT_PRODUCTS_DIR; };
		6197A0041B72AEF2001FD274 /* Info.plist */ = {isa = PBXFileReference; lastKnownFileType = text.plist.xml; path = Info.plist; sourceTree = "<group>"; };
		6197A0051B72AEF2001FD274 /* AppDelegate.swift */ = {isa = PBXFileReference; lastKnownFileType = sourcecode.swift; path = AppDelegate.swift; sourceTree = "<group>"; };
		6197A0071B72AEF2001FD274 /* Images.xcassets */ = {isa = PBXFileReference; lastKnownFileType = folder.assetcatalog; path = Images.xcassets; sourceTree = "<group>"; };
		6197A00A1B72AEF2001FD274 /* Base */ = {isa = PBXFileReference; lastKnownFileType = file.xib; name = Base; path = Base.lproj/MainMenu.xib; sourceTree = "<group>"; };
		6197A0101B72AEF2001FD274 /* Text Clipboard HelperTests.xctest */ = {isa = PBXFileReference; explicitFileType = wrapper.cfbundle; includeInIndex = 0; path = "Text Clipboard HelperTests.xctest"; sourceTree = BUILT_PRODUCTS_DIR; };
		6197A0151B72AEF2001FD274 /* Info.plist */ = {isa = PBXFileReference; lastKnownFileType = text.plist.xml; path = Info.plist; sourceTree = "<group>"; };
		6197A0161B72AEF2001FD274 /* Text_Clipboard_HelperTests.swift */ = {isa = PBXFileReference; lastKnownFileType = sourcecode.swift; path = Text_Clipboard_HelperTests.swift; sourceTree = "<group>"; };
/* End PBXFileReference section */

/* Begin PBXFrameworksBuildPhase section */
		61979FFD1B72AEF2001FD274 /* Frameworks */ = {
			isa = PBXFrameworksBuildPhase;
			buildActionMask = 2147483647;
			files = (
			);
			runOnlyForDeploymentPostprocessing = 0;
		};
		6197A00D1B72AEF2001FD274 /* Frameworks */ = {
			isa = PBXFrameworksBuildPhase;
			buildActionMask = 2147483647;
			files = (
			);
			runOnlyForDeploymentPostprocessing = 0;
		};
/* End PBXFrameworksBuildPhase section */

/* Begin PBXGroup section */
		61979FF71B72AEF2001FD274 = {
			isa = PBXGroup;
			children = (
				6197A0021B72AEF2001FD274 /* Text Clipboard Helper */,
				6197A0131B72AEF2001FD274 /* Text Clipboard HelperTests */,
				6197A0011B72AEF2001FD274 /* Products */,
			);
			sourceTree = "<group>";
		};
		6197A0011B72AEF2001FD274 /* Products */ = {
			isa = PBXGroup;
			children = (
				6197A0001B72AEF2001FD274 /* Text Clipboard Helper.app */,
				6197A0101B72AEF2001FD274 /* Text Clipboard HelperTests.xctest */,
			);
			name = Products;
			sourceTree = "<group>";
		};
		6197A0021B72AEF2001FD274 /* Text Clipboard Helper */ = {
			isa = PBXGroup;
			children = (
				6197A0051B72AEF2001FD274 /* AppDelegate.swift */,
				6197A0071B72AEF2001FD274 /* Images.xcassets */,
				6197A0091B72AEF2001FD274 /* MainMenu.xib */,
				6197A0031B72AEF2001FD274 /* Supporting Files */,
			);
			path = "Text Clipboard Helper";
			sourceTree = "<group>";
		};
		6197A0031B72AEF2001FD274 /* Supporting Files */ = {
			isa = PBXGroup;
			children = (
				6197A0041B72AEF2001FD274 /* Info.plist */,
			);
			name = "Supporting Files";
			sourceTree = "<group>";
		};
		6197A0131B72AEF2001FD274 /* Text Clipboard HelperTests */ = {
			isa = PBXGroup;
			children = (
				6197A0161B72AEF2001FD274 /* Text_Clipboard_HelperTests.swift */,
				6197A0141B72AEF2001FD274 /* Supporting Files */,
			);
			path = "Text Clipboard HelperTests";
			sourceTree = "<group>";
		};
		6197A0141B72AEF2001FD274 /* Supporting Files */ = {
			isa = PBXGroup;
			children = (
				6197A0151B72AEF2001FD274 /* Info.plist */,
			);
			name = "Supporting Files";
			sourceTree = "<group>";
		};
/* End PBXGroup section */

/* Begin PBXNativeTarget section */
		61979FFF1B72AEF2001FD274 /* Text Clipboard Helper */ = {
			isa = PBXNativeTarget;
			buildConfigurationList = 6197A01A1B72AEF2001FD274 /* Build configuration list for PBXNativeTarget "Text Clipboard Helper" */;
			buildPhases = (
				61979FFC1B72AEF2001FD274 /* Sources */,
				61979FFD1B72AEF2001FD274 /* Frameworks */,
				61979FFE1B72AEF2001FD274 /* Resources */,
			);
			buildRules = (
			);
			dependencies = (
			);
			name = "Text Clipboard Helper";
			productName = "Text Clipboard Helper";
			productReference = 6197A0001B72AEF2001FD274 /* Text Clipboard Helper.app */;
			productType = "com.apple.product-type.application";
		};
		6197A00F1B72AEF2001FD274 /* Text Clipboard HelperTests */ = {
			isa = PBXNativeTarget;
			buildConfigurationList = 6197A01D1B72AEF2001FD274 /* Build configuration list for PBXNativeTarget "Text Clipboard HelperTests" */;
			buildPhases = (
				6197A00C1B72AEF2001FD274 /* Sources */,
				6197A00D1B72AEF2001FD274 /* Frameworks */,
				6197A00E1B72AEF2001FD274 /* Resources */,
			);
			buildRules = (
			);
			dependencies = (
				6197A0121B72AEF2001FD274 /* PBXTargetDependency */,
			);
			name = "Text Clipboard HelperTests";
			productName = "Text Clipboard HelperTests";
			productReference = 6197A0101B72AEF2001FD274 /* Text Clipboard HelperTests.xctest */;
			productType = "com.apple.product-type.bundle.unit-test";
		};
/* End PBXNativeTarget section */

/* Begin PBXProject section */
		61979FF81B72AEF2001FD274 /* Project object */ = {
			isa = PBXProject;
			attributes = {
				LastUpgradeCheck = 0640;
				ORGANIZATIONNAME = "Bruno Lima";
				TargetAttributes = {
					61979FFF1B72AEF2001FD274 = {
						CreatedOnToolsVersion = 6.4;
					};
					6197A00F1B72AEF2001FD274 = {
						CreatedOnToolsVersion = 6.4;
						TestTargetID = 61979FFF1B72AEF2001FD274;
					};
				};
			};
			buildConfigurationList = 61979FFB1B72AEF2001FD274 /* Build configuration list for PBXProject "Text Clipboard Helper" */;
			compatibilityVersion = "Xcode 3.2";
			developmentRegion = English;
			hasScannedForEncodings = 0;
			knownRegions = (
				en,
				Base,
			);
			mainGroup = 61979FF71B72AEF2001FD274;
			productRefGroup = 6197A0011B72AEF2001FD274 /* Products */;
			projectDirPath = "";
			projectRoot = "";
			targets = (
				61979FFF1B72AEF2001FD274 /* Text Clipboard Helper */,
				6197A00F1B72AEF2001FD274 /* Text Clipboard HelperTests */,
			);
		};
/* End PBXProject section */

/* Begin PBXResourcesBuildPhase section */
		61979FFE1B72AEF2001FD274 /* Resources */ = {
			isa = PBXResourcesBuildPhase;
			buildActionMask = 2147483647;
			files = (
				6197A0081B72AEF2001FD274 /* Images.xcassets in Resources */,
				6197A00B1B72AEF2001FD274 /* MainMenu.xib in Resources */,
			);
			runOnlyForDeploymentPostprocessing = 0;
		};
		6197A00E1B72AEF2001FD274 /* Resources */ = {
			isa = PBXResourcesBuildPhase;
			buildActionMask = 2147483647;
			files = (
			);
			runOnlyForDeploymentPostprocessing = 0;
		};
/* End PBXResourcesBuildPhase section */

/* Begin PBXSourcesBuildPhase section */
		61979FFC1B72AEF2001FD274 /* Sources */ = {
			isa = PBXSourcesBuildPhase;
			buildActionMask = 2147483647;
			files = (
				6197A0061B72AEF2001FD274 /* AppDelegate.swift in Sources */,
			);
			runOnlyForDeploymentPostprocessing = 0;
		};
		6197A00C1B72AEF2001FD274 /* Sources */ = {
			isa = PBXSourcesBuildPhase;
			buildActionMask = 2147483647;
			files = (
				6197A0171B72AEF2001FD274 /* Text_Clipboard_HelperTests.swift in Sources */,
			);
			runOnlyForDeploymentPostprocessing = 0;
		};
/* End PBXSourcesBuildPhase section */

/* Begin PBXTargetDependency section */
		6197A0121B72AEF2001FD274 /* PBXTargetDependency */ = {
			isa = PBXTargetDependency;
			target = 61979FFF1B72AEF2001FD274 /* Text Clipboard Helper */;
			targetProxy = 6197A0111B72AEF2001FD274 /* PBXContainerItemProxy */;
		};
/* End PBXTargetDependency section */

/* Begin PBXVariantGroup section */
		6197A0091B72AEF2001FD274 /* MainMenu.xib */ = {
			isa = PBXVariantGroup;
			children = (
				6197A00A1B72AEF2001FD274 /* Base */,
			);
			name = MainMenu.xib;
			sourceTree = "<group>";
		};
/* End PBXVariantGroup section */

/* Begin XCBuildConfiguration section */
		6197A0181B72AEF2001FD274 /* Debug */ = {
			isa = XCBuildConfiguration;
			buildSettings = {
				ALWAYS_SEARCH_USER_PATHS = NO;
				CLANG_CXX_LANGUAGE_STANDARD = "gnu++0x";
				CLANG_CXX_LIBRARY = "libc++";
				CLANG_ENABLE_MODULES = YES;
				CLANG_ENABLE_OBJC_ARC = YES;
				CLANG_WARN_BOOL_CONVERSION = YES;
				CLANG_WARN_CONSTANT_CONVERSION = YES;
				CLANG_WARN_DIRECT_OBJC_ISA_USAGE = YES_ERROR;
				CLANG_WARN_EMPTY_BODY = YES;
				CLANG_WARN_ENUM_CONVERSION = YES;
				CLANG_WARN_INT_CONVERSION = YES;
				CLANG_WARN_OBJC_ROOT_CLASS = YES_ERROR;
				CLANG_WARN_UNREACHABLE_CODE = YES;
				CLANG_WARN__DUPLICATE_METHOD_MATCH = YES;
				CODE_SIGN_IDENTITY = "-";
				COPY_PHASE_STRIP = NO;
				DEBUG_INFORMATION_FORMAT = dwarf;
				ENABLE_STRICT_OBJC_MSGSEND = YES;
				GCC_C_LANGUAGE_STANDARD = gnu99;
				GCC_DYNAMIC_NO_PIC = NO;
				GCC_NO_COMMON_BLOCKS = YES;
				GCC_OPTIMIZATION_LEVEL = 0;
				GCC_PREPROCESSOR_DEFINITIONS = (
					"DEBUG=1",
					"$(inherited)",
				);
				GCC_SYMBOLS_PRIVATE_EXTERN = NO;
				GCC_WARN_64_TO_32_BIT_CONVERSION = YES;
				GCC_WARN_ABOUT_RETURN_TYPE = YES_ERROR;
				GCC_WARN_UNDECLARED_SELECTOR = YES;
				GCC_WARN_UNINITIALIZED_AUTOS = YES_AGGRESSIVE;
				GCC_WARN_UNUSED_FUNCTION = YES;
				GCC_WARN_UNUSED_VARIABLE = YES;
				MACOSX_DEPLOYMENT_TARGET = 10.10;
				MTL_ENABLE_DEBUG_INFO = YES;
				ONLY_ACTIVE_ARCH = YES;
				SDKROOT = macosx;
				SWIFT_OPTIMIZATION_LEVEL = "-Onone";
			};
			name = Debug;
		};
		6197A0191B72AEF2001FD274 /* Release */ = {
			isa = XCBuildConfiguration;
			buildSettings = {
				ALWAYS_SEARCH_USER_PATHS = NO;
				CLANG_CXX_LANGUAGE_STANDARD = "gnu++0x";
				CLANG_CXX_LIBRARY = "libc++";
				CLANG_ENABLE_MODULES = YES;
				CLANG_ENABLE_OBJC_ARC = YES;
				CLANG_WARN_BOOL_CONVERSION = YES;
				CLANG_WARN_CONSTANT_CONVERSION = YES;
				CLANG_WARN_DIRECT_OBJC_ISA_USAGE = YES_ERROR;
				CLANG_WARN_EMPTY_BODY = YES;
				CLANG_WARN_ENUM_CONVERSION = YES;
				CLANG_WARN_INT_CONVERSION = YES;
				CLANG_WARN_OBJC_ROOT_CLASS = YES_ERROR;
				CLANG_WARN_UNREACHABLE_CODE = YES;
				CLANG_WARN__DUPLICATE_METHOD_MATCH = YES;
				CODE_SIGN_IDENTITY = "-";
				COPY_PHASE_STRIP = NO;
				DEBUG_INFORMATION_FORMAT = "dwarf-with-dsym";
				ENABLE_NS_ASSERTIONS = NO;
				ENABLE_STRICT_OBJC_MSGSEND = YES;
				GCC_C_LANGUAGE_STANDARD = gnu99;
				GCC_NO_COMMON_BLOCKS = YES;
				GCC_WARN_64_TO_32_BIT_CONVERSION = YES;
				GCC_WARN_ABOUT_RETURN_TYPE = YES_ERROR;
				GCC_WARN_UNDECLARED_SELECTOR = YES;
				GCC_WARN_UNINITIALIZED_AUTOS = YES_AGGRESSIVE;
				GCC_WARN_UNUSED_FUNCTION = YES;
				GCC_WARN_UNUSED_VARIABLE = YES;
				MACOSX_DEPLOYMENT_TARGET = 10.10;
				MTL_ENABLE_DEBUG_INFO = NO;
				SDKROOT = macosx;
			};
			name = Release;
		};
		6197A01B1B72AEF2001FD274 /* Debug */ = {
			isa = XCBuildConfiguration;
			buildSettings = {
				ASSETCATALOG_COMPILER_APPICON_NAME = AppIcon;
				COMBINE_HIDPI_IMAGES = YES;
				INFOPLIST_FILE = "Text Clipboard Helper/Info.plist";
				LD_RUNPATH_SEARCH_PATHS = "$(inherited) @executable_path/../Frameworks";
				PRODUCT_NAME = "$(TARGET_NAME)";
			};
			name = Debug;
		};
		6197A01C1B72AEF2001FD274 /* Release */ = {
			isa = XCBuildConfiguration;
			buildSettings = {
				ASSETCATALOG_COMPILER_APPICON_NAME = AppIcon;
				COMBINE_HIDPI_IMAGES = YES;
				INFOPLIST_FILE = "Text Clipboard Helper/Info.plist";
				LD_RUNPATH_SEARCH_PATHS = "$(inherited) @executable_path/../Frameworks";
				PRODUCT_NAME = "$(TARGET_NAME)";
			};
			name = Release;
		};
		6197A01E1B72AEF2001FD274 /* Debug */ = {
			isa = XCBuildConfiguration;
			buildSettings = {
				BUNDLE_LOADER = "$(TEST_HOST)";
				COMBINE_HIDPI_IMAGES = YES;
				FRAMEWORK_SEARCH_PATHS = (
					"$(DEVELOPER_FRAMEWORKS_DIR)",
					"$(inherited)",
				);
				GCC_PREPROCESSOR_DEFINITIONS = (
					"DEBUG=1",
					"$(inherited)",
				);
				INFOPLIST_FILE = "Text Clipboard HelperTests/Info.plist";
				LD_RUNPATH_SEARCH_PATHS = "$(inherited) @executable_path/../Frameworks @loader_path/../Frameworks";
				PRODUCT_NAME = "$(TARGET_NAME)";
				TEST_HOST = "$(BUILT_PRODUCTS_DIR)/Text Clipboard Helper.app/Contents/MacOS/Text Clipboard Helper";
			};
			name = Debug;
		};
		6197A01F1B72AEF2001FD274 /* Release */ = {
			isa = XCBuildConfiguration;
			buildSettings = {
				BUNDLE_LOADER = "$(TEST_HOST)";
				COMBINE_HIDPI_IMAGES = YES;
				FRAMEWORK_SEARCH_PATHS = (
					"$(DEVELOPER_FRAMEWORKS_DIR)",
					"$(inherited)",
				);
				INFOPLIST_FILE = "Text Clipboard HelperTests/Info.plist";
				LD_RUNPATH_SEARCH_PATHS = "$(inherited) @executable_path/../Frameworks @loader_path/../Frameworks";
				PRODUCT_NAME = "$(TARGET_NAME)";
				TEST_HOST = "$(BUILT_PRODUCTS_DIR)/Text Clipboard Helper.app/Contents/MacOS/Text Clipboard Helper";
			};
			name = Release;
		};
/* End XCBuildConfiguration section */

/* Begin XCConfigurationList section */
		61979FFB1B72AEF2001FD274 /* Build configuration list for PBXProject "Text Clipboard Helper" */ = {
			isa = XCConfigurationList;
			buildConfigurations = (
				6197A0181B72AEF2001FD274 /* Debug */,
				6197A0191B72AEF2001FD274 /* Release */,
			);
			defaultConfigurationIsVisible = 0;
			defaultConfigurationName = Release;
		};
		6197A01A1B72AEF2001FD274 /* Build configuration list for PBXNativeTarget "Text Clipboard Helper" */ = {
			isa = XCConfigurationList;
			buildConfigurations = (
				6197A01B1B72AEF2001FD274 /* Debug */,
				6197A01C1B72AEF2001FD274 /* Release */,
			);
			defaultConfigurationIsVisible = 0;
		};
		6197A01D1B72AEF2001FD274 /* Build configuration list for PBXNativeTarget "Text Clipboard HelperTests" */ = {
			isa = XCConfigurationList;
			buildConfigurations = (
				6197A01E1B72AEF2001FD274 /* Debug */,
				6197A01F1B72AEF2001FD274 /* Release */,
			);
			defaultConfigurationIsVisible = 0;
		};
/* End XCConfigurationList section */
	};
	rootObject = 61979FF81B72AEF2001FD274 /* Project object */;
}
